
Microsoft Visual Studio Solution File, Format Version 12.00
# Visual Studio Version 16
VisualStudioVersion = 16.0.30204.135
MinimumVisualStudioVersion = 10.0.40219.1
Project("{FAE04EC0-301F-11D3-BF4B-00C04F79EFBC}") = "D365CustomWorkflow", "D365CustomWorkflow.csproj", "{C4D42C5E-C5AC-4D1C-BD2B-FF554D7D4573}"
EndProject
Global
	GlobalSection(SolutionConfigurationPlatforms) = preSolution
		Debug|Any CPU = Debug|Any CPU
		Release|Any CPU = Release|Any CPU
	EndGlobalSection
	GlobalSection(ProjectConfigurationPlatforms) = postSolution
		{C4D42C5E-C5AC-4D1C-BD2B-FF554D7D4573}.Debug|Any CPU.ActiveCfg = Debug|Any CPU
		{C4D42C5E-C5AC-4D1C-BD2B-FF554D7D4573}.Debug|Any CPU.Build.0 = Debug|Any CPU
		{C4D42C5E-C5AC-4D1C-BD2B-FF554D7D4573}.Release|Any CPU.ActiveCfg = Release|Any CPU
		{C4D42C5E-C5AC-4D1C-BD2B-FF554D7D4573}.Release|Any CPU.Build.0 = Release|Any CPU
	EndGlobalSection
	GlobalSection(SolutionProperties) = preSolution
		HideSolutionNode = FALSE
	EndGlobalSection
	GlobalSection(ExtensibilityGlobals) = postSolution
		SolutionGuid = {078E21C9-87D7-4D2F-BA70-97FD0E632800}
	EndGlobalSection
EndGlobal
